
Microsoft Visual Studio Solution File, Format Version 12.00
# Visual Studio Version 17
VisualStudioVersion = 17.13.35931.197 d17.13
MinimumVisualStudioVersion = 10.0.40219.1
Project("{FAE04EC0-301F-11D3-BF4B-00C04F79EFBC}") = "Laboratorna1_Utilities", "Laboratorna1_Utilities\Laboratorna1_Utilities.csproj", "{B7E6D005-C9A1-461D-8402-C431F37E82DE}"
EndProject
Global
	GlobalSection(SolutionConfigurationPlatforms) = preSolution
		Debug|Any CPU = Debug|Any CPU
		Release|Any CPU = Release|Any CPU
	EndGlobalSection
	GlobalSection(ProjectConfigurationPlatforms) = postSolution
		{B7E6D005-C9A1-461D-8402-C431F37E82DE}.Debug|Any CPU.ActiveCfg = Debug|Any CPU
		{B7E6D005-C9A1-461D-8402-C431F37E82DE}.Debug|Any CPU.Build.0 = Debug|Any CPU
		{B7E6D005-C9A1-461D-8402-C431F37E82DE}.Release|Any CPU.ActiveCfg = Release|Any CPU
		{B7E6D005-C9A1-461D-8402-C431F37E82DE}.Release|Any CPU.Build.0 = Release|Any CPU
	EndGlobalSection
	GlobalSection(SolutionProperties) = preSolution
		HideSolutionNode = FALSE
	EndGlobalSection
	GlobalSection(ExtensibilityGlobals) = postSolution
		SolutionGuid = {480523F9-C65C-4C6F-BC03-5ABF67717A50}
	EndGlobalSection
EndGlobal
